
Microsoft Visual Studio Solution File, Format Version 12.00
# Visual Studio Version 17
VisualStudioVersion = 17.2.32616.157
MinimumVisualStudioVersion = 10.0.40219.1
Project("{9A19103F-16F7-4668-BE54-9A1E7A4F7556}") = "GameAPI.Web", "GameAPI.Web\GameAPI.Web.csproj", "{C0DA4645-E33F-48E9-87D4-361FBB5D23AF}"
EndProject
Project("{9A19103F-16F7-4668-BE54-9A1E7A4F7556}") = "GameAPI.Domain", "GameAPI.Domain\GameAPI.Domain.csproj", "{4D8BD23C-E826-4099-9F04-AE6E0E1861AF}"
EndProject
Project("{9A19103F-16F7-4668-BE54-9A1E7A4F7556}") = "GameAPI.Infrastructure", "GameAPI.Infrastructure\GameAPI.Infrastructure.csproj", "{A5415644-20AC-48B6-B0D8-ED1D6B97D24A}"
EndProject
Project("{9A19103F-16F7-4668-BE54-9A1E7A4F7556}") = "GameAPI.Application", "GameAPI.Application\GameAPI.Application.csproj", "{83836EA7-D1F0-4A8F-A192-49C26162EFF6}"
EndProject
Project("{E53339B2-1760-4266-BCC7-CA923CBCF16C}") = "docker-compose", "docker-compose.dcproj", "{D7CD9A38-6093-4E21-9A3E-5AA0D06E3EF2}"
EndProject
Global
	GlobalSection(SolutionConfigurationPlatforms) = preSolution
		Debug|Any CPU = Debug|Any CPU
		Release|Any CPU = Release|Any CPU
	EndGlobalSection
	GlobalSection(ProjectConfigurationPlatforms) = postSolution
		{C0DA4645-E33F-48E9-87D4-361FBB5D23AF}.Debug|Any CPU.ActiveCfg = Debug|Any CPU
		{C0DA4645-E33F-48E9-87D4-361FBB5D23AF}.Debug|Any CPU.Build.0 = Debug|Any CPU
		{C0DA4645-E33F-48E9-87D4-361FBB5D23AF}.Release|Any CPU.ActiveCfg = Release|Any CPU
		{C0DA4645-E33F-48E9-87D4-361FBB5D23AF}.Release|Any CPU.Build.0 = Release|Any CPU
		{4D8BD23C-E826-4099-9F04-AE6E0E1861AF}.Debug|Any CPU.ActiveCfg = Debug|Any CPU
		{4D8BD23C-E826-4099-9F04-AE6E0E1861AF}.Debug|Any CPU.Build.0 = Debug|Any CPU
		{4D8BD23C-E826-4099-9F04-AE6E0E1861AF}.Release|Any CPU.ActiveCfg = Release|Any CPU
		{4D8BD23C-E826-4099-9F04-AE6E0E1861AF}.Release|Any CPU.Build.0 = Release|Any CPU
		{A5415644-20AC-48B6-B0D8-ED1D6B97D24A}.Debug|Any CPU.ActiveCfg = Debug|Any CPU
		{A5415644-20AC-48B6-B0D8-ED1D6B97D24A}.Debug|Any CPU.Build.0 = Debug|Any CPU
		{A5415644-20AC-48B6-B0D8-ED1D6B97D24A}.Release|Any CPU.ActiveCfg = Release|Any CPU
		{A5415644-20AC-48B6-B0D8-ED1D6B97D24A}.Release|Any CPU.Build.0 = Release|Any CPU
		{83836EA7-D1F0-4A8F-A192-49C26162EFF6}.Debug|Any CPU.ActiveCfg = Debug|Any CPU
		{83836EA7-D1F0-4A8F-A192-49C26162EFF6}.Debug|Any CPU.Build.0 = Debug|Any CPU
		{83836EA7-D1F0-4A8F-A192-49C26162EFF6}.Release|Any CPU.ActiveCfg = Release|Any CPU
		{83836EA7-D1F0-4A8F-A192-49C26162EFF6}.Release|Any CPU.Build.0 = Release|Any CPU
		{D7CD9A38-6093-4E21-9A3E-5AA0D06E3EF2}.Debug|Any CPU.ActiveCfg = Debug|Any CPU
		{D7CD9A38-6093-4E21-9A3E-5AA0D06E3EF2}.Debug|Any CPU.Build.0 = Debug|Any CPU
		{D7CD9A38-6093-4E21-9A3E-5AA0D06E3EF2}.Release|Any CPU.ActiveCfg = Release|Any CPU
		{D7CD9A38-6093-4E21-9A3E-5AA0D06E3EF2}.Release|Any CPU.Build.0 = Release|Any CPU
	EndGlobalSection
	GlobalSection(SolutionProperties) = preSolution
		HideSolutionNode = FALSE
	EndGlobalSection
	GlobalSection(ExtensibilityGlobals) = postSolution
		SolutionGuid = {8E21A29B-54AD-44E5-9ABE-4C318E92DEE4}
	EndGlobalSection
EndGlobal
